// !$*UTF8*$!
{
	archiveVersion = 1;
	classes = {
	};
	objectVersion = 55;
	objects = {

/* Begin PBXBuildFile section */
		1108A56928D0B0AF007E19AA /* ExtensionUserDefaults.swift in Sources */ = {isa = PBXBuildFile; fileRef = 1108A56828D0B0AF007E19AA /* ExtensionUserDefaults.swift */; };
		1108A56B28D0B0C6007E19AA /* ExtensionNotificationCenter.swift in Sources */ = {isa = PBXBuildFile; fileRef = 1108A56A28D0B0C6007E19AA /* ExtensionNotificationCenter.swift */; };
		1108A56F28D0BCE7007E19AA /* GoogleService-Info.plist in Resources */ = {isa = PBXBuildFile; fileRef = 1108A56E28D0BCE7007E19AA /* GoogleService-Info.plist */; };
		1108A57228D0BF20007E19AA /* GoogleSignIn in Frameworks */ = {isa = PBXBuildFile; productRef = 1108A57128D0BF20007E19AA /* GoogleSignIn */; };
		1108A57428D0BF20007E19AA /* GoogleSignInSwift in Frameworks */ = {isa = PBXBuildFile; productRef = 1108A57328D0BF20007E19AA /* GoogleSignInSwift */; };
		1108A57A28D0D0FC007E19AA /* ExtensionView .swift in Sources */ = {isa = PBXBuildFile; fileRef = 1108A57928D0D0FC007E19AA /* ExtensionView .swift */; };
		113E57F128C9E4840002AA9D /* CNLoginApp.swift in Sources */ = {isa = PBXBuildFile; fileRef = 113E57F028C9E4840002AA9D /* CNLoginApp.swift */; };
		113E57F328C9E4840002AA9D /* CNLoginPageView.swift in Sources */ = {isa = PBXBuildFile; fileRef = 113E57F228C9E4840002AA9D /* CNLoginPageView.swift */; };
		113E57F528C9E4860002AA9D /* Assets.xcassets in Resources */ = {isa = PBXBuildFile; fileRef = 113E57F428C9E4860002AA9D /* Assets.xcassets */; };
		113E57F828C9E4860002AA9D /* Preview Assets.xcassets in Resources */ = {isa = PBXBuildFile; fileRef = 113E57F728C9E4860002AA9D /* Preview Assets.xcassets */; };
		113E580028C9EBEC0002AA9D /* ActivityIndicator.swift in Sources */ = {isa = PBXBuildFile; fileRef = 113E57FF28C9EBEC0002AA9D /* ActivityIndicator.swift */; };
		113E580428CA1A380002AA9D /* MainView.swift in Sources */ = {isa = PBXBuildFile; fileRef = 113E580328CA1A380002AA9D /* MainView.swift */; };
		113E580628CA1B180002AA9D /* SplashView.swift in Sources */ = {isa = PBXBuildFile; fileRef = 113E580528CA1B180002AA9D /* SplashView.swift */; };
		11939B2928D326860028F0EF /* BlurEffect.swift in Sources */ = {isa = PBXBuildFile; fileRef = 11939B2728D326860028F0EF /* BlurEffect.swift */; };
		11939B2A28D326860028F0EF /* URLImage.swift in Sources */ = {isa = PBXBuildFile; fileRef = 11939B2828D326860028F0EF /* URLImage.swift */; };
		11939B2D28D326FC0028F0EF /* CachedAsyncImage in Frameworks */ = {isa = PBXBuildFile; productRef = 11939B2C28D326FC0028F0EF /* CachedAsyncImage */; };
		11939B3128D348D40028F0EF /* FieldViewModel.swift in Sources */ = {isa = PBXBuildFile; fileRef = 11939B3028D348D40028F0EF /* FieldViewModel.swift */; };
		1197F00628D079D1002A9223 /* FirebaseAuth in Frameworks */ = {isa = PBXBuildFile; productRef = 1197F00528D079D1002A9223 /* FirebaseAuth */; };
		1197F00828D079D1002A9223 /* FirebaseAuthCombine-Community in Frameworks */ = {isa = PBXBuildFile; productRef = 1197F00728D079D1002A9223 /* FirebaseAuthCombine-Community */; };
		1197F00A28D079D1002A9223 /* FirebaseCrashlytics in Frameworks */ = {isa = PBXBuildFile; productRef = 1197F00928D079D1002A9223 /* FirebaseCrashlytics */; };
		1197F00C28D079D1002A9223 /* FirebaseDatabase in Frameworks */ = {isa = PBXBuildFile; productRef = 1197F00B28D079D1002A9223 /* FirebaseDatabase */; };
		1197F00E28D079D1002A9223 /* FirebaseDatabaseSwift in Frameworks */ = {isa = PBXBuildFile; productRef = 1197F00D28D079D1002A9223 /* FirebaseDatabaseSwift */; };
		1197F01028D079D1002A9223 /* FirebaseDynamicLinks in Frameworks */ = {isa = PBXBuildFile; productRef = 1197F00F28D079D1002A9223 /* FirebaseDynamicLinks */; };
		1197F01228D079D1002A9223 /* FirebaseFirestore in Frameworks */ = {isa = PBXBuildFile; productRef = 1197F01128D079D1002A9223 /* FirebaseFirestore */; };
		1197F01428D079D1002A9223 /* FirebaseFirestoreCombine-Community in Frameworks */ = {isa = PBXBuildFile; productRef = 1197F01328D079D1002A9223 /* FirebaseFirestoreCombine-Community */; };
		1197F01628D079D1002A9223 /* FirebaseFirestoreSwift in Frameworks */ = {isa = PBXBuildFile; productRef = 1197F01528D079D1002A9223 /* FirebaseFirestoreSwift */; };
		1197F01828D079D1002A9223 /* FirebaseRemoteConfig in Frameworks */ = {isa = PBXBuildFile; productRef = 1197F01728D079D1002A9223 /* FirebaseRemoteConfig */; };
		1197F01A28D079D1002A9223 /* FirebaseRemoteConfigSwift in Frameworks */ = {isa = PBXBuildFile; productRef = 1197F01928D079D1002A9223 /* FirebaseRemoteConfigSwift */; };
		1197F01C28D079D1002A9223 /* FirebaseStorage in Frameworks */ = {isa = PBXBuildFile; productRef = 1197F01B28D079D1002A9223 /* FirebaseStorage */; };
		1197F01E28D079D1002A9223 /* FirebaseStorageCombine-Community in Frameworks */ = {isa = PBXBuildFile; productRef = 1197F01D28D079D1002A9223 /* FirebaseStorageCombine-Community */; };
		11D1165728D1C42E002DB212 /* FacebookAEM in Frameworks */ = {isa = PBXBuildFile; productRef = 11D1165628D1C42E002DB212 /* FacebookAEM */; };
		11D1165928D1C42E002DB212 /* FacebookBasics in Frameworks */ = {isa = PBXBuildFile; productRef = 11D1165828D1C42E002DB212 /* FacebookBasics */; };
		11D1165B28D1C42E002DB212 /* FacebookCore in Frameworks */ = {isa = PBXBuildFile; productRef = 11D1165A28D1C42E002DB212 /* FacebookCore */; };
		11D1165D28D1C42E002DB212 /* FacebookLogin in Frameworks */ = {isa = PBXBuildFile; productRef = 11D1165C28D1C42E002DB212 /* FacebookLogin */; };
		11D1165F28D1C42E002DB212 /* FacebookShare in Frameworks */ = {isa = PBXBuildFile; productRef = 11D1165E28D1C42E002DB212 /* FacebookShare */; };
		11D1166128D1C501002DB212 /* FBLoginHelper.swift in Sources */ = {isa = PBXBuildFile; fileRef = 11D1166028D1C501002DB212 /* FBLoginHelper.swift */; };
		11E52A3E28D1AE61004A1303 /* AppleLoginHelper.swift in Sources */ = {isa = PBXBuildFile; fileRef = 11E52A3D28D1AE61004A1303 /* AppleLoginHelper.swift */; };
		11E52A4028D1AE6C004A1303 /* GoogleLoginHelper.swift in Sources */ = {isa = PBXBuildFile; fileRef = 11E52A3F28D1AE6C004A1303 /* GoogleLoginHelper.swift */; };
		11EC9CC228D081E8003A6DD0 /* LoginManager.swift in Sources */ = {isa = PBXBuildFile; fileRef = 11EC9CC128D081E8003A6DD0 /* LoginManager.swift */; };
		11EC9CC428D08441003A6DD0 /* AlertManager.swift in Sources */ = {isa = PBXBuildFile; fileRef = 11EC9CC328D08441003A6DD0 /* AlertManager.swift */; };
		11F4FD6F28D175C600C7B43E /* Crypto in Frameworks */ = {isa = PBXBuildFile; productRef = 11F4FD6E28D175C600C7B43E /* Crypto */; };
		11F4FD7128D17B5C00C7B43E /* ExtensionString.swift in Sources */ = {isa = PBXBuildFile; fileRef = 11F4FD7028D17B5C00C7B43E /* ExtensionString.swift */; };
		11F4FD7428D1817500C7B43E /* KeychainAccess in Frameworks */ = {isa = PBXBuildFile; productRef = 11F4FD7328D1817500C7B43E /* KeychainAccess */; };
		11F4FD7628D181C600C7B43E /* KeychainHelper.swift in Sources */ = {isa = PBXBuildFile; fileRef = 11F4FD7528D181C600C7B43E /* KeychainHelper.swift */; };
/* End PBXBuildFile section */

/* Begin PBXFileReference section */
		1108A56828D0B0AF007E19AA /* ExtensionUserDefaults.swift */ = {isa = PBXFileReference; lastKnownFileType = sourcecode.swift; path = ExtensionUserDefaults.swift; sourceTree = "<group>"; };
		1108A56A28D0B0C6007E19AA /* ExtensionNotificationCenter.swift */ = {isa = PBXFileReference; lastKnownFileType = sourcecode.swift; path = ExtensionNotificationCenter.swift; sourceTree = "<group>"; };
		1108A56E28D0BCE7007E19AA /* GoogleService-Info.plist */ = {isa = PBXFileReference; fileEncoding = 4; lastKnownFileType = text.plist.xml; path = "GoogleService-Info.plist"; sourceTree = "<group>"; };
		1108A57528D0BF3F007E19AA /* Info.plist */ = {isa = PBXFileReference; lastKnownFileType = text.plist; path = Info.plist; sourceTree = "<group>"; };
		1108A57928D0D0FC007E19AA /* ExtensionView .swift */ = {isa = PBXFileReference; lastKnownFileType = sourcecode.swift; path = "ExtensionView .swift"; sourceTree = "<group>"; };
		113E57ED28C9E4840002AA9D /* CNLogin.app */ = {isa = PBXFileReference; explicitFileType = wrapper.application; includeInIndex = 0; path = CNLogin.app; sourceTree = BUILT_PRODUCTS_DIR; };
		113E57F028C9E4840002AA9D /* CNLoginApp.swift */ = {isa = PBXFileReference; lastKnownFileType = sourcecode.swift; path = CNLoginApp.swift; sourceTree = "<group>"; };
		113E57F228C9E4840002AA9D /* CNLoginPageView.swift */ = {isa = PBXFileReference; lastKnownFileType = sourcecode.swift; path = CNLoginPageView.swift; sourceTree = "<group>"; };
		113E57F428C9E4860002AA9D /* Assets.xcassets */ = {isa = PBXFileReference; lastKnownFileType = folder.assetcatalog; path = Assets.xcassets; sourceTree = "<group>"; };
		113E57F728C9E4860002AA9D /* Preview Assets.xcassets */ = {isa = PBXFileReference; lastKnownFileType = folder.assetcatalog; path = "Preview Assets.xcassets"; sourceTree = "<group>"; };
		113E57FF28C9EBEC0002AA9D /* ActivityIndicator.swift */ = {isa = PBXFileReference; fileEncoding = 4; lastKnownFileType = sourcecode.swift; path = ActivityIndicator.swift; sourceTree = "<group>"; };
		113E580328CA1A380002AA9D /* MainView.swift */ = {isa = PBXFileReference; lastKnownFileType = sourcecode.swift; path = MainView.swift; sourceTree = "<group>"; };
		113E580528CA1B180002AA9D /* SplashView.swift */ = {isa = PBXFileReference; lastKnownFileType = sourcecode.swift; path = SplashView.swift; sourceTree = "<group>"; };
		11939B2728D326860028F0EF /* BlurEffect.swift */ = {isa = PBXFileReference; fileEncoding = 4; lastKnownFileType = sourcecode.swift; path = BlurEffect.swift; sourceTree = "<group>"; };
		11939B2828D326860028F0EF /* URLImage.swift */ = {isa = PBXFileReference; fileEncoding = 4; lastKnownFileType = sourcecode.swift; path = URLImage.swift; sourceTree = "<group>"; };
		11939B3028D348D40028F0EF /* FieldViewModel.swift */ = {isa = PBXFileReference; lastKnownFileType = sourcecode.swift; path = FieldViewModel.swift; sourceTree = "<group>"; };
		11D1166028D1C501002DB212 /* FBLoginHelper.swift */ = {isa = PBXFileReference; lastKnownFileType = sourcecode.swift; path = FBLoginHelper.swift; sourceTree = "<group>"; };
		11E52A3D28D1AE61004A1303 /* AppleLoginHelper.swift */ = {isa = PBXFileReference; lastKnownFileType = sourcecode.swift; path = AppleLoginHelper.swift; sourceTree = "<group>"; };
		11E52A3F28D1AE6C004A1303 /* GoogleLoginHelper.swift */ = {isa = PBXFileReference; lastKnownFileType = sourcecode.swift; path = GoogleLoginHelper.swift; sourceTree = "<group>"; };
		11EC9CC128D081E8003A6DD0 /* LoginManager.swift */ = {isa = PBXFileReference; lastKnownFileType = sourcecode.swift; path = LoginManager.swift; sourceTree = "<group>"; };
		11EC9CC328D08441003A6DD0 /* AlertManager.swift */ = {isa = PBXFileReference; lastKnownFileType = sourcecode.swift; path = AlertManager.swift; sourceTree = "<group>"; };
		11F4FD6C28D1656200C7B43E /* CNLogin.entitlements */ = {isa = PBXFileReference; lastKnownFileType = text.plist.entitlements; path = CNLogin.entitlements; sourceTree = "<group>"; };
		11F4FD7028D17B5C00C7B43E /* ExtensionString.swift */ = {isa = PBXFileReference; lastKnownFileType = sourcecode.swift; path = ExtensionString.swift; sourceTree = "<group>"; };
		11F4FD7528D181C600C7B43E /* KeychainHelper.swift */ = {isa = PBXFileReference; lastKnownFileType = sourcecode.swift; path = KeychainHelper.swift; sourceTree = "<group>"; };
/* End PBXFileReference section */

/* Begin PBXFrameworksBuildPhase section */
		113E57EA28C9E4840002AA9D /* Frameworks */ = {
			isa = PBXFrameworksBuildPhase;
			buildActionMask = 2147483647;
			files = (
				11D1165728D1C42E002DB212 /* FacebookAEM in Frameworks */,
				11D1165928D1C42E002DB212 /* FacebookBasics in Frameworks */,
				1108A57428D0BF20007E19AA /* GoogleSignInSwift in Frameworks */,
				1197F00E28D079D1002A9223 /* FirebaseDatabaseSwift in Frameworks */,
				1197F01428D079D1002A9223 /* FirebaseFirestoreCombine-Community in Frameworks */,
				11939B2D28D326FC0028F0EF /* CachedAsyncImage in Frameworks */,
				11D1165D28D1C42E002DB212 /* FacebookLogin in Frameworks */,
				1197F00A28D079D1002A9223 /* FirebaseCrashlytics in Frameworks */,
				1197F01E28D079D1002A9223 /* FirebaseStorageCombine-Community in Frameworks */,
				1197F00628D079D1002A9223 /* FirebaseAuth in Frameworks */,
				1197F00C28D079D1002A9223 /* FirebaseDatabase in Frameworks */,
				11F4FD6F28D175C600C7B43E /* Crypto in Frameworks */,
				1197F01C28D079D1002A9223 /* FirebaseStorage in Frameworks */,
				11D1165B28D1C42E002DB212 /* FacebookCore in Frameworks */,
				11F4FD7428D1817500C7B43E /* KeychainAccess in Frameworks */,
				1197F01A28D079D1002A9223 /* FirebaseRemoteConfigSwift in Frameworks */,
				1197F00828D079D1002A9223 /* FirebaseAuthCombine-Community in Frameworks */,
				1197F01028D079D1002A9223 /* FirebaseDynamicLinks in Frameworks */,
				1197F01228D079D1002A9223 /* FirebaseFirestore in Frameworks */,
				11D1165F28D1C42E002DB212 /* FacebookShare in Frameworks */,
				1197F01628D079D1002A9223 /* FirebaseFirestoreSwift in Frameworks */,
				1197F01828D079D1002A9223 /* FirebaseRemoteConfig in Frameworks */,
				1108A57228D0BF20007E19AA /* GoogleSignIn in Frameworks */,
			);
			runOnlyForDeploymentPostprocessing = 0;
		};
/* End PBXFrameworksBuildPhase section */

/* Begin PBXGroup section */
		1108A56C28D0B0F6007E19AA /* Extension */ = {
			isa = PBXGroup;
			children = (
				1108A56A28D0B0C6007E19AA /* ExtensionNotificationCenter.swift */,
				1108A56828D0B0AF007E19AA /* ExtensionUserDefaults.swift */,
				1108A57928D0D0FC007E19AA /* ExtensionView .swift */,
				11F4FD7028D17B5C00C7B43E /* ExtensionString.swift */,
			);
			path = Extension;
			sourceTree = "<group>";
		};
		1108A56D28D0B106007E19AA /* Manager */ = {
			isa = PBXGroup;
			children = (
				11E52A3B28D1AE26004A1303 /* LoginManager */,
				11EC9CC328D08441003A6DD0 /* AlertManager.swift */,
				11F4FD7528D181C600C7B43E /* KeychainHelper.swift */,
			);
			path = Manager;
			sourceTree = "<group>";
		};
		113E57E428C9E4840002AA9D = {
			isa = PBXGroup;
			children = (
				113E57EF28C9E4840002AA9D /* CNLogin */,
				113E57EE28C9E4840002AA9D /* Products */,
			);
			sourceTree = "<group>";
		};
		113E57EE28C9E4840002AA9D /* Products */ = {
			isa = PBXGroup;
			children = (
				113E57ED28C9E4840002AA9D /* CNLogin.app */,
			);
			name = Products;
			sourceTree = "<group>";
		};
		113E57EF28C9E4840002AA9D /* CNLogin */ = {
			isa = PBXGroup;
			children = (
				11F4FD6C28D1656200C7B43E /* CNLogin.entitlements */,
				1108A57528D0BF3F007E19AA /* Info.plist */,
				113E57F028C9E4840002AA9D /* CNLoginApp.swift */,
				113E580528CA1B180002AA9D /* SplashView.swift */,
				113E580328CA1A380002AA9D /* MainView.swift */,
				11939B2E28D348A10028F0EF /* CNLoginPage */,
				1108A56D28D0B106007E19AA /* Manager */,
				1108A56C28D0B0F6007E19AA /* Extension */,
				113E57FE28C9EBEC0002AA9D /* Tools */,
				1108A56E28D0BCE7007E19AA /* GoogleService-Info.plist */,
				113E57F428C9E4860002AA9D /* Assets.xcassets */,
				113E57F628C9E4860002AA9D /* Preview Content */,
			);
			path = CNLogin;
			sourceTree = "<group>";
		};
		113E57F628C9E4860002AA9D /* Preview Content */ = {
			isa = PBXGroup;
			children = (
				113E57F728C9E4860002AA9D /* Preview Assets.xcassets */,
			);
			path = "Preview Content";
			sourceTree = "<group>";
		};
		113E57FE28C9EBEC0002AA9D /* Tools */ = {
			isa = PBXGroup;
			children = (
				113E57FF28C9EBEC0002AA9D /* ActivityIndicator.swift */,
				11939B2728D326860028F0EF /* BlurEffect.swift */,
				11939B2828D326860028F0EF /* URLImage.swift */,
			);
			path = Tools;
			sourceTree = "<group>";
		};
		11939B2E28D348A10028F0EF /* CNLoginPage */ = {
			isa = PBXGroup;
			children = (
				113E57F228C9E4840002AA9D /* CNLoginPageView.swift */,
				11939B2F28D348B30028F0EF /* ViewModel */,
			);
			path = CNLoginPage;
			sourceTree = "<group>";
		};
		11939B2F28D348B30028F0EF /* ViewModel */ = {
			isa = PBXGroup;
			children = (
				11939B3028D348D40028F0EF /* FieldViewModel.swift */,
			);
			path = ViewModel;
			sourceTree = "<group>";
		};
		11E52A3B28D1AE26004A1303 /* LoginManager */ = {
			isa = PBXGroup;
			children = (
				11EC9CC128D081E8003A6DD0 /* LoginManager.swift */,
				11E52A3C28D1AE3D004A1303 /* ThirdPartHelpers */,
			);
			path = LoginManager;
			sourceTree = "<group>";
		};
		11E52A3C28D1AE3D004A1303 /* ThirdPartHelpers */ = {
			isa = PBXGroup;
			children = (
				11E52A3D28D1AE61004A1303 /* AppleLoginHelper.swift */,
				11E52A3F28D1AE6C004A1303 /* GoogleLoginHelper.swift */,
				11D1166028D1C501002DB212 /* FBLoginHelper.swift */,
			);
			path = ThirdPartHelpers;
			sourceTree = "<group>";
		};
/* End PBXGroup section */

/* Begin PBXNativeTarget section */
		113E57EC28C9E4840002AA9D /* CNLogin */ = {
			isa = PBXNativeTarget;
			buildConfigurationList = 113E57FB28C9E4860002AA9D /* Build configuration list for PBXNativeTarget "CNLogin" */;
			buildPhases = (
				113E57E928C9E4840002AA9D /* Sources */,
				113E57EA28C9E4840002AA9D /* Frameworks */,
				113E57EB28C9E4840002AA9D /* Resources */,
			);
			buildRules = (
			);
			dependencies = (
			);
			name = CNLogin;
			packageProductDependencies = (
				1197F00528D079D1002A9223 /* FirebaseAuth */,
				1197F00728D079D1002A9223 /* FirebaseAuthCombine-Community */,
				1197F00928D079D1002A9223 /* FirebaseCrashlytics */,
				1197F00B28D079D1002A9223 /* FirebaseDatabase */,
				1197F00D28D079D1002A9223 /* FirebaseDatabaseSwift */,
				1197F00F28D079D1002A9223 /* FirebaseDynamicLinks */,
				1197F01128D079D1002A9223 /* FirebaseFirestore */,
				1197F01328D079D1002A9223 /* FirebaseFirestoreCombine-Community */,
				1197F01528D079D1002A9223 /* FirebaseFirestoreSwift */,
				1197F01728D079D1002A9223 /* FirebaseRemoteConfig */,
				1197F01928D079D1002A9223 /* FirebaseRemoteConfigSwift */,
				1197F01B28D079D1002A9223 /* FirebaseStorage */,
				1197F01D28D079D1002A9223 /* FirebaseStorageCombine-Community */,
				1108A57128D0BF20007E19AA /* GoogleSignIn */,
				1108A57328D0BF20007E19AA /* GoogleSignInSwift */,
				11F4FD6E28D175C600C7B43E /* Crypto */,
				11F4FD7328D1817500C7B43E /* KeychainAccess */,
				11D1165628D1C42E002DB212 /* FacebookAEM */,
				11D1165828D1C42E002DB212 /* FacebookBasics */,
				11D1165A28D1C42E002DB212 /* FacebookCore */,
				11D1165C28D1C42E002DB212 /* FacebookLogin */,
				11D1165E28D1C42E002DB212 /* FacebookShare */,
				11939B2C28D326FC0028F0EF /* CachedAsyncImage */,
			);
			productName = CNLogin;
			productReference = 113E57ED28C9E4840002AA9D /* CNLogin.app */;
			productType = "com.apple.product-type.application";
		};
/* End PBXNativeTarget section */

/* Begin PBXProject section */
		113E57E528C9E4840002AA9D /* Project object */ = {
			isa = PBXProject;
			attributes = {
				BuildIndependentTargetsInParallel = 1;
				LastSwiftUpdateCheck = 1340;
				LastUpgradeCheck = 1340;
				TargetAttributes = {
					113E57EC28C9E4840002AA9D = {
						CreatedOnToolsVersion = 13.4.1;
					};
				};
			};
			buildConfigurationList = 113E57E828C9E4840002AA9D /* Build configuration list for PBXProject "CNLogin" */;
			compatibilityVersion = "Xcode 13.0";
			developmentRegion = en;
			hasScannedForEncodings = 0;
			knownRegions = (
				en,
				Base,
			);
			mainGroup = 113E57E428C9E4840002AA9D;
			packageReferences = (
				1197F00428D079D1002A9223 /* XCRemoteSwiftPackageReference "firebase-ios-sdk" */,
				1108A57028D0BF20007E19AA /* XCRemoteSwiftPackageReference "GoogleSignIn-iOS" */,
				11F4FD6D28D175C600C7B43E /* XCRemoteSwiftPackageReference "swift-crypto" */,
				11F4FD7228D1817500C7B43E /* XCRemoteSwiftPackageReference "KeychainAccess" */,
				11D1165528D1C42E002DB212 /* XCRemoteSwiftPackageReference "facebook-ios-sdk" */,
				11939B2B28D326FB0028F0EF /* XCRemoteSwiftPackageReference "swiftui-cached-async-image" */,
			);
			productRefGroup = 113E57EE28C9E4840002AA9D /* Products */;
			projectDirPath = "";
			projectRoot = "";
			targets = (
				113E57EC28C9E4840002AA9D /* CNLogin */,
			);
		};
/* End PBXProject section */

/* Begin PBXResourcesBuildPhase section */
		113E57EB28C9E4840002AA9D /* Resources */ = {
			isa = PBXResourcesBuildPhase;
			buildActionMask = 2147483647;
			files = (
				113E57F828C9E4860002AA9D /* Preview Assets.xcassets in Resources */,
				113E57F528C9E4860002AA9D /* Assets.xcassets in Resources */,
				1108A56F28D0BCE7007E19AA /* GoogleService-Info.plist in Resources */,
			);
			runOnlyForDeploymentPostprocessing = 0;
		};
/* End PBXResourcesBuildPhase section */

/* Begin PBXSourcesBuildPhase section */
		113E57E928C9E4840002AA9D /* Sources */ = {
			isa = PBXSourcesBuildPhase;
			buildActionMask = 2147483647;
			files = (
				113E57F328C9E4840002AA9D /* CNLoginPageView.swift in Sources */,
				11D1166128D1C501002DB212 /* FBLoginHelper.swift in Sources */,
				1108A57A28D0D0FC007E19AA /* ExtensionView .swift in Sources */,
				1108A56B28D0B0C6007E19AA /* ExtensionNotificationCenter.swift in Sources */,
				113E580428CA1A380002AA9D /* MainView.swift in Sources */,
				11E52A3E28D1AE61004A1303 /* AppleLoginHelper.swift in Sources */,
				113E580628CA1B180002AA9D /* SplashView.swift in Sources */,
				113E580028C9EBEC0002AA9D /* ActivityIndicator.swift in Sources */,
				11939B2A28D326860028F0EF /* URLImage.swift in Sources */,
				113E57F128C9E4840002AA9D /* CNLoginApp.swift in Sources */,
				11E52A4028D1AE6C004A1303 /* GoogleLoginHelper.swift in Sources */,
				11939B3128D348D40028F0EF /* FieldViewModel.swift in Sources */,
				11F4FD7628D181C600C7B43E /* KeychainHelper.swift in Sources */,
				11F4FD7128D17B5C00C7B43E /* ExtensionString.swift in Sources */,
				11EC9CC428D08441003A6DD0 /* AlertManager.swift in Sources */,
				11939B2928D326860028F0EF /* BlurEffect.swift in Sources */,
				11EC9CC228D081E8003A6DD0 /* LoginManager.swift in Sources */,
				1108A56928D0B0AF007E19AA /* ExtensionUserDefaults.swift in Sources */,
			);
			runOnlyForDeploymentPostprocessing = 0;
		};
/* End PBXSourcesBuildPhase section */

/* Begin XCBuildConfiguration section */
		113E57F928C9E4860002AA9D /* Debug */ = {
			isa = XCBuildConfiguration;
			buildSettings = {
				ALWAYS_SEARCH_USER_PATHS = NO;
				CLANG_ANALYZER_NONNULL = YES;
				CLANG_ANALYZER_NUMBER_OBJECT_CONVERSION = YES_AGGRESSIVE;
				CLANG_CXX_LANGUAGE_STANDARD = "gnu++17";
				CLANG_ENABLE_MODULES = YES;
				CLANG_ENABLE_OBJC_ARC = YES;
				CLANG_ENABLE_OBJC_WEAK = YES;
				CLANG_WARN_BLOCK_CAPTURE_AUTORELEASING = YES;
				CLANG_WARN_BOOL_CONVERSION = YES;
				CLANG_WARN_COMMA = YES;
				CLANG_WARN_CONSTANT_CONVERSION = YES;
				CLANG_WARN_DEPRECATED_OBJC_IMPLEMENTATIONS = YES;
				CLANG_WARN_DIRECT_OBJC_ISA_USAGE = YES_ERROR;
				CLANG_WARN_DOCUMENTATION_COMMENTS = YES;
				CLANG_WARN_EMPTY_BODY = YES;
				CLANG_WARN_ENUM_CONVERSION = YES;
				CLANG_WARN_INFINITE_RECURSION = YES;
				CLANG_WARN_INT_CONVERSION = YES;
				CLANG_WARN_NON_LITERAL_NULL_CONVERSION = YES;
				CLANG_WARN_OBJC_IMPLICIT_RETAIN_SELF = YES;
				CLANG_WARN_OBJC_LITERAL_CONVERSION = YES;
				CLANG_WARN_OBJC_ROOT_CLASS = YES_ERROR;
				CLANG_WARN_QUOTED_INCLUDE_IN_FRAMEWORK_HEADER = YES;
				CLANG_WARN_RANGE_LOOP_ANALYSIS = YES;
				CLANG_WARN_STRICT_PROTOTYPES = YES;
				CLANG_WARN_SUSPICIOUS_MOVE = YES;
				CLANG_WARN_UNGUARDED_AVAILABILITY = YES_AGGRESSIVE;
				CLANG_WARN_UNREACHABLE_CODE = YES;
				CLANG_WARN__DUPLICATE_METHOD_MATCH = YES;
				COPY_PHASE_STRIP = NO;
				DEBUG_INFORMATION_FORMAT = dwarf;
				ENABLE_STRICT_OBJC_MSGSEND = YES;
				ENABLE_TESTABILITY = YES;
				GCC_C_LANGUAGE_STANDARD = gnu11;
				GCC_DYNAMIC_NO_PIC = NO;
				GCC_NO_COMMON_BLOCKS = YES;
				GCC_OPTIMIZATION_LEVEL = 0;
				GCC_PREPROCESSOR_DEFINITIONS = (
					"DEBUG=1",
					"$(inherited)",
				);
				GCC_WARN_64_TO_32_BIT_CONVERSION = YES;
				GCC_WARN_ABOUT_RETURN_TYPE = YES_ERROR;
				GCC_WARN_UNDECLARED_SELECTOR = YES;
				GCC_WARN_UNINITIALIZED_AUTOS = YES_AGGRESSIVE;
				GCC_WARN_UNUSED_FUNCTION = YES;
				GCC_WARN_UNUSED_VARIABLE = YES;
				IPHONEOS_DEPLOYMENT_TARGET = 15.0;
				MTL_ENABLE_DEBUG_INFO = INCLUDE_SOURCE;
				MTL_FAST_MATH = YES;
				ONLY_ACTIVE_ARCH = YES;
				SDKROOT = iphoneos;
				SWIFT_ACTIVE_COMPILATION_CONDITIONS = DEBUG;
				SWIFT_OPTIMIZATION_LEVEL = "-Onone";
			};
			name = Debug;
		};
		113E57FA28C9E4860002AA9D /* Release */ = {
			isa = XCBuildConfiguration;
			buildSettings = {
				ALWAYS_SEARCH_USER_PATHS = NO;
				CLANG_ANALYZER_NONNULL = YES;
				CLANG_ANALYZER_NUMBER_OBJECT_CONVERSION = YES_AGGRESSIVE;
				CLANG_CXX_LANGUAGE_STANDARD = "gnu++17";
				CLANG_ENABLE_MODULES = YES;
				CLANG_ENABLE_OBJC_ARC = YES;
				CLANG_ENABLE_OBJC_WEAK = YES;
				CLANG_WARN_BLOCK_CAPTURE_AUTORELEASING = YES;
				CLANG_WARN_BOOL_CONVERSION = YES;
				CLANG_WARN_COMMA = YES;
				CLANG_WARN_CONSTANT_CONVERSION = YES;
				CLANG_WARN_DEPRECATED_OBJC_IMPLEMENTATIONS = YES;
				CLANG_WARN_DIRECT_OBJC_ISA_USAGE = YES_ERROR;
				CLANG_WARN_DOCUMENTATION_COMMENTS = YES;
				CLANG_WARN_EMPTY_BODY = YES;
				CLANG_WARN_ENUM_CONVERSION = YES;
				CLANG_WARN_INFINITE_RECURSION = YES;
				CLANG_WARN_INT_CONVERSION = YES;
				CLANG_WARN_NON_LITERAL_NULL_CONVERSION = YES;
				CLANG_WARN_OBJC_IMPLICIT_RETAIN_SELF = YES;
				CLANG_WARN_OBJC_LITERAL_CONVERSION = YES;
				CLANG_WARN_OBJC_ROOT_CLASS = YES_ERROR;
				CLANG_WARN_QUOTED_INCLUDE_IN_FRAMEWORK_HEADER = YES;
				CLANG_WARN_RANGE_LOOP_ANALYSIS = YES;
				CLANG_WARN_STRICT_PROTOTYPES = YES;
				CLANG_WARN_SUSPICIOUS_MOVE = YES;
				CLANG_WARN_UNGUARDED_AVAILABILITY = YES_AGGRESSIVE;
				CLANG_WARN_UNREACHABLE_CODE = YES;
				CLANG_WARN__DUPLICATE_METHOD_MATCH = YES;
				COPY_PHASE_STRIP = NO;
				DEBUG_INFORMATION_FORMAT = "dwarf-with-dsym";
				ENABLE_NS_ASSERTIONS = NO;
				ENABLE_STRICT_OBJC_MSGSEND = YES;
				GCC_C_LANGUAGE_STANDARD = gnu11;
				GCC_NO_COMMON_BLOCKS = YES;
				GCC_WARN_64_TO_32_BIT_CONVERSION = YES;
				GCC_WARN_ABOUT_RETURN_TYPE = YES_ERROR;
				GCC_WARN_UNDECLARED_SELECTOR = YES;
				GCC_WARN_UNINITIALIZED_AUTOS = YES_AGGRESSIVE;
				GCC_WARN_UNUSED_FUNCTION = YES;
				GCC_WARN_UNUSED_VARIABLE = YES;
				IPHONEOS_DEPLOYMENT_TARGET = 15.0;
				MTL_ENABLE_DEBUG_INFO = NO;
				MTL_FAST_MATH = YES;
				SDKROOT = iphoneos;
				SWIFT_COMPILATION_MODE = wholemodule;
				SWIFT_OPTIMIZATION_LEVEL = "-O";
				VALIDATE_PRODUCT = YES;
			};
			name = Release;
		};
		113E57FC28C9E4860002AA9D /* Debug */ = {
			isa = XCBuildConfiguration;
			buildSettings = {
				ASSETCATALOG_COMPILER_APPICON_NAME = AppIcon;
				ASSETCATALOG_COMPILER_GLOBAL_ACCENT_COLOR_NAME = AccentColor;
				CODE_SIGN_ENTITLEMENTS = CNLogin/CNLogin.entitlements;
				CODE_SIGN_STYLE = Automatic;
				CURRENT_PROJECT_VERSION = 1.0.0.2022091301;
				DEVELOPMENT_ASSET_PATHS = "\"CNLogin/Preview Content\"";
				DEVELOPMENT_TEAM = AA256RQGL2;
				ENABLE_PREVIEWS = YES;
				GENERATE_INFOPLIST_FILE = YES;
				INFOPLIST_FILE = CNLogin/Info.plist;
				INFOPLIST_KEY_UIApplicationSceneManifest_Generation = YES;
				INFOPLIST_KEY_UIApplicationSupportsIndirectInputEvents = YES;
				INFOPLIST_KEY_UILaunchScreen_Generation = YES;
				INFOPLIST_KEY_UISupportedInterfaceOrientations_iPad = "UIInterfaceOrientationPortrait UIInterfaceOrientationPortraitUpsideDown UIInterfaceOrientationLandscapeLeft UIInterfaceOrientationLandscapeRight";
				INFOPLIST_KEY_UISupportedInterfaceOrientations_iPhone = "UIInterfaceOrientationPortrait UIInterfaceOrientationLandscapeLeft UIInterfaceOrientationLandscapeRight";
				IPHONEOS_DEPLOYMENT_TARGET = 15.0;
				LD_RUNPATH_SEARCH_PATHS = (
					"$(inherited)",
					"@executable_path/Frameworks",
				);
				MARKETING_VERSION = 1.0.0;
				PRODUCT_BUNDLE_IDENTIFIER = com.CashitNation.CNLogin;
				PRODUCT_NAME = "$(TARGET_NAME)";
				SWIFT_EMIT_LOC_STRINGS = YES;
				SWIFT_VERSION = 5.0;
				TARGETED_DEVICE_FAMILY = "1,2";
			};
			name = Debug;
		};
		113E57FD28C9E4860002AA9D /* Release */ = {
			isa = XCBuildConfiguration;
			buildSettings = {
				ASSETCATALOG_COMPILER_APPICON_NAME = AppIcon;
				ASSETCATALOG_COMPILER_GLOBAL_ACCENT_COLOR_NAME = AccentColor;
				CODE_SIGN_ENTITLEMENTS = CNLogin/CNLogin.entitlements;
				CODE_SIGN_STYLE = Automatic;
				CURRENT_PROJECT_VERSION = 1.0.0.2022091301;
				DEVELOPMENT_ASSET_PATHS = "\"CNLogin/Preview Content\"";
				DEVELOPMENT_TEAM = AA256RQGL2;
				ENABLE_PREVIEWS = YES;
				GENERATE_INFOPLIST_FILE = YES;
				INFOPLIST_FILE = CNLogin/Info.plist;
				INFOPLIST_KEY_UIApplicationSceneManifest_Generation = YES;
				INFOPLIST_KEY_UIApplicationSupportsIndirectInputEvents = YES;
				INFOPLIST_KEY_UILaunchScreen_Generation = YES;
				INFOPLIST_KEY_UISupportedInterfaceOrientations_iPad = "UIInterfaceOrientationPortrait UIInterfaceOrientationPortraitUpsideDown UIInterfaceOrientationLandscapeLeft UIInterfaceOrientationLandscapeRight";
				INFOPLIST_KEY_UISupportedInterfaceOrientations_iPhone = "UIInterfaceOrientationPortrait UIInterfaceOrientationLandscapeLeft UIInterfaceOrientationLandscapeRight";
				IPHONEOS_DEPLOYMENT_TARGET = 15.0;
				LD_RUNPATH_SEARCH_PATHS = (
					"$(inherited)",
					"@executable_path/Frameworks",
				);
				MARKETING_VERSION = 1.0.0;
				PRODUCT_BUNDLE_IDENTIFIER = com.CashitNation.CNLogin;
				PRODUCT_NAME = "$(TARGET_NAME)";
				SWIFT_EMIT_LOC_STRINGS = YES;
				SWIFT_VERSION = 5.0;
				TARGETED_DEVICE_FAMILY = "1,2";
			};
			name = Release;
		};
/* End XCBuildConfiguration section */

/* Begin XCConfigurationList section */
		113E57E828C9E4840002AA9D /* Build configuration list for PBXProject "CNLogin" */ = {
			isa = XCConfigurationList;
			buildConfigurations = (
				113E57F928C9E4860002AA9D /* Debug */,
				113E57FA28C9E4860002AA9D /* Release */,
			);
			defaultConfigurationIsVisible = 0;
			defaultConfigurationName = Release;
		};
		113E57FB28C9E4860002AA9D /* Build configuration list for PBXNativeTarget "CNLogin" */ = {
			isa = XCConfigurationList;
			buildConfigurations = (
				113E57FC28C9E4860002AA9D /* Debug */,
				113E57FD28C9E4860002AA9D /* Release */,
			);
			defaultConfigurationIsVisible = 0;
			defaultConfigurationName = Release;
		};
/* End XCConfigurationList section */

/* Begin XCRemoteSwiftPackageReference section */
		1108A57028D0BF20007E19AA /* XCRemoteSwiftPackageReference "GoogleSignIn-iOS" */ = {
			isa = XCRemoteSwiftPackageReference;
			repositoryURL = "https://github.com/google/GoogleSignIn-iOS";
			requirement = {
				kind = upToNextMajorVersion;
				minimumVersion = 6.0.0;
			};
		};
		11939B2B28D326FB0028F0EF /* XCRemoteSwiftPackageReference "swiftui-cached-async-image" */ = {
			isa = XCRemoteSwiftPackageReference;
			repositoryURL = "https://github.com/lorenzofiamingo/swiftui-cached-async-image";
			requirement = {
				kind = upToNextMajorVersion;
				minimumVersion = 2.0.0;
			};
		};
		1197F00428D079D1002A9223 /* XCRemoteSwiftPackageReference "firebase-ios-sdk" */ = {
			isa = XCRemoteSwiftPackageReference;
			repositoryURL = "https://github.com/firebase/firebase-ios-sdk";
			requirement = {
				kind = upToNextMajorVersion;
				minimumVersion = 9.0.0;
			};
		};
		11D1165528D1C42E002DB212 /* XCRemoteSwiftPackageReference "facebook-ios-sdk" */ = {
			isa = XCRemoteSwiftPackageReference;
			repositoryURL = "https://github.com/facebook/facebook-ios-sdk.git";
			requirement = {
				kind = upToNextMajorVersion;
				minimumVersion = 14.0.0;
			};
		};
		11F4FD6D28D175C600C7B43E /* XCRemoteSwiftPackageReference "swift-crypto" */ = {
			isa = XCRemoteSwiftPackageReference;
			repositoryURL = "https://github.com/apple/swift-crypto.git";
			requirement = {
				kind = upToNextMajorVersion;
				minimumVersion = 2.0.0;
			};
		};
		11F4FD7228D1817500C7B43E /* XCRemoteSwiftPackageReference "KeychainAccess" */ = {
			isa = XCRemoteSwiftPackageReference;
			repositoryURL = "https://github.com/kishikawakatsumi/KeychainAccess.git";
			requirement = {
				kind = upToNextMajorVersion;
				minimumVersion = 4.2.2;
			};
		};
/* End XCRemoteSwiftPackageReference section */

/* Begin XCSwiftPackageProductDependency section */
		1108A57128D0BF20007E19AA /* GoogleSignIn */ = {
			isa = XCSwiftPackageProductDependency;
			package = 1108A57028D0BF20007E19AA /* XCRemoteSwiftPackageReference "GoogleSignIn-iOS" */;
			productName = GoogleSignIn;
		};
		1108A57328D0BF20007E19AA /* GoogleSignInSwift */ = {
			isa = XCSwiftPackageProductDependency;
			package = 1108A57028D0BF20007E19AA /* XCRemoteSwiftPackageReference "GoogleSignIn-iOS" */;
			productName = GoogleSignInSwift;
		};
		11939B2C28D326FC0028F0EF /* CachedAsyncImage */ = {
			isa = XCSwiftPackageProductDependency;
			package = 11939B2B28D326FB0028F0EF /* XCRemoteSwiftPackageReference "swiftui-cached-async-image" */;
			productName = CachedAsyncImage;
		};
		1197F00528D079D1002A9223 /* FirebaseAuth */ = {
			isa = XCSwiftPackageProductDependency;
			package = 1197F00428D079D1002A9223 /* XCRemoteSwiftPackageReference "firebase-ios-sdk" */;
			productName = FirebaseAuth;
		};
		1197F00728D079D1002A9223 /* FirebaseAuthCombine-Community */ = {
			isa = XCSwiftPackageProductDependency;
			package = 1197F00428D079D1002A9223 /* XCRemoteSwiftPackageReference "firebase-ios-sdk" */;
			productName = "FirebaseAuthCombine-Community";
		};
		1197F00928D079D1002A9223 /* FirebaseCrashlytics */ = {
			isa = XCSwiftPackageProductDependency;
			package = 1197F00428D079D1002A9223 /* XCRemoteSwiftPackageReference "firebase-ios-sdk" */;
			productName = FirebaseCrashlytics;
		};
		1197F00B28D079D1002A9223 /* FirebaseDatabase */ = {
			isa = XCSwiftPackageProductDependency;
			package = 1197F00428D079D1002A9223 /* XCRemoteSwiftPackageReference "firebase-ios-sdk" */;
			productName = FirebaseDatabase;
		};
		1197F00D28D079D1002A9223 /* FirebaseDatabaseSwift */ = {
			isa = XCSwiftPackageProductDependency;
			package = 1197F00428D079D1002A9223 /* XCRemoteSwiftPackageReference "firebase-ios-sdk" */;
			productName = FirebaseDatabaseSwift;
		};
		1197F00F28D079D1002A9223 /* FirebaseDynamicLinks */ = {
			isa = XCSwiftPackageProductDependency;
			package = 1197F00428D079D1002A9223 /* XCRemoteSwiftPackageReference "firebase-ios-sdk" */;
			productName = FirebaseDynamicLinks;
		};
		1197F01128D079D1002A9223 /* FirebaseFirestore */ = {
			isa = XCSwiftPackageProductDependency;
			package = 1197F00428D079D1002A9223 /* XCRemoteSwiftPackageReference "firebase-ios-sdk" */;
			productName = FirebaseFirestore;
		};
		1197F01328D079D1002A9223 /* FirebaseFirestoreCombine-Community */ = {
			isa = XCSwiftPackageProductDependency;
			package = 1197F00428D079D1002A9223 /* XCRemoteSwiftPackageReference "firebase-ios-sdk" */;
			productName = "FirebaseFirestoreCombine-Community";
		};
		1197F01528D079D1002A9223 /* FirebaseFirestoreSwift */ = {
			isa = XCSwiftPackageProductDependency;
			package = 1197F00428D079D1002A9223 /* XCRemoteSwiftPackageReference "firebase-ios-sdk" */;
			productName = FirebaseFirestoreSwift;
		};
		1197F01728D079D1002A9223 /* FirebaseRemoteConfig */ = {
			isa = XCSwiftPackageProductDependency;
			package = 1197F00428D079D1002A9223 /* XCRemoteSwiftPackageReference "firebase-ios-sdk" */;
			productName = FirebaseRemoteConfig;
		};
		1197F01928D079D1002A9223 /* FirebaseRemoteConfigSwift */ = {
			isa = XCSwiftPackageProductDependency;
			package = 1197F00428D079D1002A9223 /* XCRemoteSwiftPackageReference "firebase-ios-sdk" */;
			productName = FirebaseRemoteConfigSwift;
		};
		1197F01B28D079D1002A9223 /* FirebaseStorage */ = {
			isa = XCSwiftPackageProductDependency;
			package = 1197F00428D079D1002A9223 /* XCRemoteSwiftPackageReference "firebase-ios-sdk" */;
			productName = FirebaseStorage;
		};
		1197F01D28D079D1002A9223 /* FirebaseStorageCombine-Community */ = {
			isa = XCSwiftPackageProductDependency;
			package = 1197F00428D079D1002A9223 /* XCRemoteSwiftPackageReference "firebase-ios-sdk" */;
			productName = "FirebaseStorageCombine-Community";
		};
		11D1165628D1C42E002DB212 /* FacebookAEM */ = {
			isa = XCSwiftPackageProductDependency;
			package = 11D1165528D1C42E002DB212 /* XCRemoteSwiftPackageReference "facebook-ios-sdk" */;
			productName = FacebookAEM;
		};
		11D1165828D1C42E002DB212 /* FacebookBasics */ = {
			isa = XCSwiftPackageProductDependency;
			package = 11D1165528D1C42E002DB212 /* XCRemoteSwiftPackageReference "facebook-ios-sdk" */;
			productName = FacebookBasics;
		};
		11D1165A28D1C42E002DB212 /* FacebookCore */ = {
			isa = XCSwiftPackageProductDependency;
			package = 11D1165528D1C42E002DB212 /* XCRemoteSwiftPackageReference "facebook-ios-sdk" */;
			productName = FacebookCore;
		};
		11D1165C28D1C42E002DB212 /* FacebookLogin */ = {
			isa = XCSwiftPackageProductDependency;
			package = 11D1165528D1C42E002DB212 /* XCRemoteSwiftPackageReference "facebook-ios-sdk" */;
			productName = FacebookLogin;
		};
		11D1165E28D1C42E002DB212 /* FacebookShare */ = {
			isa = XCSwiftPackageProductDependency;
			package = 11D1165528D1C42E002DB212 /* XCRemoteSwiftPackageReference "facebook-ios-sdk" */;
			productName = FacebookShare;
		};
		11F4FD6E28D175C600C7B43E /* Crypto */ = {
			isa = XCSwiftPackageProductDependency;
			package = 11F4FD6D28D175C600C7B43E /* XCRemoteSwiftPackageReference "swift-crypto" */;
			productName = Crypto;
		};
		11F4FD7328D1817500C7B43E /* KeychainAccess */ = {
			isa = XCSwiftPackageProductDependency;
			package = 11F4FD7228D1817500C7B43E /* XCRemoteSwiftPackageReference "KeychainAccess" */;
			productName = KeychainAccess;
		};
/* End XCSwiftPackageProductDependency section */
	};
	rootObject = 113E57E528C9E4840002AA9D /* Project object */;
}
